
Microsoft Visual Studio Solution File, Format Version 12.00
# Visual Studio Version 17
VisualStudioVersion = 17.10.34928.147
MinimumVisualStudioVersion = 10.0.40219.1
Project("{9A19103F-16F7-4668-BE54-9A1E7A4F7556}") = "AvocadoService", "AvocadoService\AvocadoService.csproj", "{58F499A3-0EB9-4657-BB7B-91087DD60538}"
EndProject
Project("{9A19103F-16F7-4668-BE54-9A1E7A4F7556}") = "AvocadoTest", "AvocadoTest\AvocadoTest.csproj", "{07BEC9EA-01B3-4FB8-9C3E-5F8C28992FB7}"
EndProject
Project("{9A19103F-16F7-4668-BE54-9A1E7A4F7556}") = "AvocadoParser", "AvocadoParser\AvocadoParser.csproj", "{B796F718-31FA-4EAB-AB9D-8EB6C50179C5}"
EndProject
Project("{FAE04EC0-301F-11D3-BF4B-00C04F79EFBC}") = "AvocadoDb", "AvocadoDb\AvocadoDb.csproj", "{87F9D3FD-2F06-4B04-BC85-EA6C4BC20ED6}"
EndProject
Global
	GlobalSection(SolutionConfigurationPlatforms) = preSolution
		Debug|Any CPU = Debug|Any CPU
		Release|Any CPU = Release|Any CPU
	EndGlobalSection
	GlobalSection(ProjectConfigurationPlatforms) = postSolution
		{58F499A3-0EB9-4657-BB7B-91087DD60538}.Debug|Any CPU.ActiveCfg = Debug|Any CPU
		{58F499A3-0EB9-4657-BB7B-91087DD60538}.Debug|Any CPU.Build.0 = Debug|Any CPU
		{58F499A3-0EB9-4657-BB7B-91087DD60538}.Release|Any CPU.ActiveCfg = Release|Any CPU
		{58F499A3-0EB9-4657-BB7B-91087DD60538}.Release|Any CPU.Build.0 = Release|Any CPU
		{07BEC9EA-01B3-4FB8-9C3E-5F8C28992FB7}.Debug|Any CPU.ActiveCfg = Debug|Any CPU
		{07BEC9EA-01B3-4FB8-9C3E-5F8C28992FB7}.Debug|Any CPU.Build.0 = Debug|Any CPU
		{07BEC9EA-01B3-4FB8-9C3E-5F8C28992FB7}.Release|Any CPU.ActiveCfg = Release|Any CPU
		{07BEC9EA-01B3-4FB8-9C3E-5F8C28992FB7}.Release|Any CPU.Build.0 = Release|Any CPU
		{B796F718-31FA-4EAB-AB9D-8EB6C50179C5}.Debug|Any CPU.ActiveCfg = Debug|Any CPU
		{B796F718-31FA-4EAB-AB9D-8EB6C50179C5}.Debug|Any CPU.Build.0 = Debug|Any CPU
		{B796F718-31FA-4EAB-AB9D-8EB6C50179C5}.Release|Any CPU.ActiveCfg = Release|Any CPU
		{B796F718-31FA-4EAB-AB9D-8EB6C50179C5}.Release|Any CPU.Build.0 = Release|Any CPU
		{87F9D3FD-2F06-4B04-BC85-EA6C4BC20ED6}.Debug|Any CPU.ActiveCfg = Debug|Any CPU
		{87F9D3FD-2F06-4B04-BC85-EA6C4BC20ED6}.Debug|Any CPU.Build.0 = Debug|Any CPU
		{87F9D3FD-2F06-4B04-BC85-EA6C4BC20ED6}.Release|Any CPU.ActiveCfg = Release|Any CPU
		{87F9D3FD-2F06-4B04-BC85-EA6C4BC20ED6}.Release|Any CPU.Build.0 = Release|Any CPU
	EndGlobalSection
	GlobalSection(SolutionProperties) = preSolution
		HideSolutionNode = FALSE
	EndGlobalSection
	GlobalSection(ExtensibilityGlobals) = postSolution
		SolutionGuid = {3B8D769D-54F5-40C8-8EAD-035CE6479154}
	EndGlobalSection
EndGlobal
